
Microsoft Visual Studio Solution File, Format Version 12.00
# Visual Studio 15
Project("{FAE04EC0-301F-11D3-BF4B-00C04F79EFBC}") = "PerformanceTest", "PerformanceTest\PerformanceTest.csproj", "{20EC6716-B238-4931-AC33-E8BFF75FA067}"
EndProject
Global
	GlobalSection(SolutionConfigurationPlatforms) = preSolution
		Debug|anycpu = Debug|anycpu
		Release|anycpu = Release|anycpu
	EndGlobalSection
	GlobalSection(ProjectConfigurationPlatforms) = postSolution
		{20EC6716-B238-4931-AC33-E8BFF75FA067}.Debug|anycpu.ActiveCfg = Debug|anycpu
		{20EC6716-B238-4931-AC33-E8BFF75FA067}.Debug|anycpu.Build.0 = Debug|anycpu
		{20EC6716-B238-4931-AC33-E8BFF75FA067}.Release|anycpu.ActiveCfg = Release|anycpu
		{20EC6716-B238-4931-AC33-E8BFF75FA067}.Release|anycpu.Build.0 = Release|anycpu
	EndGlobalSection
EndGlobal
